
Microsoft Visual Studio Solution File, Format Version 12.00
# Visual Studio Version 17
VisualStudioVersion = 17.11.35327.3
MinimumVisualStudioVersion = 10.0.40219.1
Project("{9A19103F-16F7-4668-BE54-9A1E7A4F7556}") = "webapi", "webapi\webapi.csproj", "{3EFB250C-0D62-4682-9973-2D18FA679594}"
EndProject
Project("{9A19103F-16F7-4668-BE54-9A1E7A4F7556}") = "Tests", "Tests\Tests.csproj", "{950587D1-4225-4B32-985B-CB94B446A1D9}"
EndProject
Global
	GlobalSection(SolutionConfigurationPlatforms) = preSolution
		Debug|Any CPU = Debug|Any CPU
		Release|Any CPU = Release|Any CPU
	EndGlobalSection
	GlobalSection(ProjectConfigurationPlatforms) = postSolution
		{3EFB250C-0D62-4682-9973-2D18FA679594}.Debug|Any CPU.ActiveCfg = Debug|Any CPU
		{3EFB250C-0D62-4682-9973-2D18FA679594}.Debug|Any CPU.Build.0 = Debug|Any CPU
		{3EFB250C-0D62-4682-9973-2D18FA679594}.Release|Any CPU.ActiveCfg = Release|Any CPU
		{3EFB250C-0D62-4682-9973-2D18FA679594}.Release|Any CPU.Build.0 = Release|Any CPU
		{950587D1-4225-4B32-985B-CB94B446A1D9}.Debug|Any CPU.ActiveCfg = Debug|Any CPU
		{950587D1-4225-4B32-985B-CB94B446A1D9}.Debug|Any CPU.Build.0 = Debug|Any CPU
		{950587D1-4225-4B32-985B-CB94B446A1D9}.Release|Any CPU.ActiveCfg = Release|Any CPU
		{950587D1-4225-4B32-985B-CB94B446A1D9}.Release|Any CPU.Build.0 = Release|Any CPU
	EndGlobalSection
	GlobalSection(SolutionProperties) = preSolution
		HideSolutionNode = FALSE
	EndGlobalSection
	GlobalSection(ExtensibilityGlobals) = postSolution
		SolutionGuid = {9464DC48-E984-4903-A5BC-CC83E7AF1836}
	EndGlobalSection
EndGlobal
